{
  "name": "deepvis",
  "version": "0.1.0",
  "lockfileVersion": 1,
  "requires": true,
  "dependencies": {
    "classnames": {
      "version": "2.2.5",
      "resolved": "https://registry.npmjs.org/classnames/-/classnames-2.2.5.tgz",
      "integrity": "sha1-+zgB1FNGdknvNgPH1hoCvRKb3m0="
    },
    "loaders.css": {
      "version": "0.1.2",
      "resolved": "https://registry.npmjs.org/loaders.css/-/loaders.css-0.1.2.tgz",
      "integrity": "sha1-Op+0NybHMzSjgUKvnQYpAZtlh0M="
    },
    "react-loaders": {
      "version": "3.0.1",
      "resolved": "https://registry.npmjs.org/react-loaders/-/react-loaders-3.0.1.tgz",
      "integrity": "sha512-4igMNqs9Fb3d4Z+0UHIGQNJsw/37gX0nUO8QxupnEKRn1dtyYC1LGwk5GuaoDciMQCQc/MmPwb4Fn6ZfdoX1FQ==",
      "requires": {
        "classnames": "2.2.5"
      }
    }
  }
}
